
Microsoft Visual Studio Solution File, Format Version 12.00
# Visual Studio Version 17
VisualStudioVersion = 17.9.34728.123
MinimumVisualStudioVersion = 10.0.40219.1
Project("{FAE04EC0-301F-11D3-BF4B-00C04F79EFBC}") = "SOLID_LiskovSubstitution", "SOLID_LiskovSubstitution\SOLID_LiskovSubstitution.csproj", "{1CF12504-F9ED-4FC7-96E9-70CE9E2E0C62}"
EndProject
Global
	GlobalSection(SolutionConfigurationPlatforms) = preSolution
		Debug|Any CPU = Debug|Any CPU
		Release|Any CPU = Release|Any CPU
	EndGlobalSection
	GlobalSection(ProjectConfigurationPlatforms) = postSolution
		{1CF12504-F9ED-4FC7-96E9-70CE9E2E0C62}.Debug|Any CPU.ActiveCfg = Debug|Any CPU
		{1CF12504-F9ED-4FC7-96E9-70CE9E2E0C62}.Debug|Any CPU.Build.0 = Debug|Any CPU
		{1CF12504-F9ED-4FC7-96E9-70CE9E2E0C62}.Release|Any CPU.ActiveCfg = Release|Any CPU
		{1CF12504-F9ED-4FC7-96E9-70CE9E2E0C62}.Release|Any CPU.Build.0 = Release|Any CPU
	EndGlobalSection
	GlobalSection(SolutionProperties) = preSolution
		HideSolutionNode = FALSE
	EndGlobalSection
	GlobalSection(ExtensibilityGlobals) = postSolution
		SolutionGuid = {F08B303A-BA2B-42A9-A1DB-CFF50611A72F}
	EndGlobalSection
EndGlobal
