
Microsoft Visual Studio Solution File, Format Version 12.00
# Visual Studio Version 17
VisualStudioVersion = 17.9.34728.123
MinimumVisualStudioVersion = 10.0.40219.1
Project("{FAE04EC0-301F-11D3-BF4B-00C04F79EFBC}") = "SOLID_SingleResponsbility", "SOLID_SingleResponsbility\SOLID_SingleResponsbility.csproj", "{0477F605-4139-44E0-BB1E-226F66D1DFD6}"
EndProject
Global
	GlobalSection(SolutionConfigurationPlatforms) = preSolution
		Debug|Any CPU = Debug|Any CPU
		Release|Any CPU = Release|Any CPU
	EndGlobalSection
	GlobalSection(ProjectConfigurationPlatforms) = postSolution
		{0477F605-4139-44E0-BB1E-226F66D1DFD6}.Debug|Any CPU.ActiveCfg = Debug|Any CPU
		{0477F605-4139-44E0-BB1E-226F66D1DFD6}.Debug|Any CPU.Build.0 = Debug|Any CPU
		{0477F605-4139-44E0-BB1E-226F66D1DFD6}.Release|Any CPU.ActiveCfg = Release|Any CPU
		{0477F605-4139-44E0-BB1E-226F66D1DFD6}.Release|Any CPU.Build.0 = Release|Any CPU
	EndGlobalSection
	GlobalSection(SolutionProperties) = preSolution
		HideSolutionNode = FALSE
	EndGlobalSection
	GlobalSection(ExtensibilityGlobals) = postSolution
		SolutionGuid = {40F39F65-DF78-4B25-9BB7-23D9E9318A11}
	EndGlobalSection
EndGlobal
