
Microsoft Visual Studio Solution File, Format Version 12.00
# Visual Studio Version 17
VisualStudioVersion = 17.9.34728.123
MinimumVisualStudioVersion = 10.0.40219.1
Project("{FAE04EC0-301F-11D3-BF4B-00C04F79EFBC}") = "demo-app-4", "demo-app-4\demo-app-4.csproj", "{37421E24-AD18-4025-AAE7-45557FC252D6}"
EndProject
Global
	GlobalSection(SolutionConfigurationPlatforms) = preSolution
		Debug|Any CPU = Debug|Any CPU
		Release|Any CPU = Release|Any CPU
	EndGlobalSection
	GlobalSection(ProjectConfigurationPlatforms) = postSolution
		{37421E24-AD18-4025-AAE7-45557FC252D6}.Debug|Any CPU.ActiveCfg = Debug|Any CPU
		{37421E24-AD18-4025-AAE7-45557FC252D6}.Debug|Any CPU.Build.0 = Debug|Any CPU
		{37421E24-AD18-4025-AAE7-45557FC252D6}.Release|Any CPU.ActiveCfg = Release|Any CPU
		{37421E24-AD18-4025-AAE7-45557FC252D6}.Release|Any CPU.Build.0 = Release|Any CPU
	EndGlobalSection
	GlobalSection(SolutionProperties) = preSolution
		HideSolutionNode = FALSE
	EndGlobalSection
	GlobalSection(ExtensibilityGlobals) = postSolution
		SolutionGuid = {3ED5EC89-733D-461E-A5D2-FD3610610FC3}
	EndGlobalSection
EndGlobal
