
Microsoft Visual Studio Solution File, Format Version 12.00
# Visual Studio Version 17
VisualStudioVersion = 17.9.34728.123
MinimumVisualStudioVersion = 10.0.40219.1
Project("{FAE04EC0-301F-11D3-BF4B-00C04F79EFBC}") = "NotificatorDemo", "NotificatorDemo\NotificatorDemo.csproj", "{49FFB0A5-B590-4B30-BEAD-759845398B72}"
EndProject
Project("{FAE04EC0-301F-11D3-BF4B-00C04F79EFBC}") = "Entities", "Entities\Entities.csproj", "{9C45C1ED-4E7F-4AC4-8ED3-8D6D98B590B5}"
EndProject
Global
	GlobalSection(SolutionConfigurationPlatforms) = preSolution
		Debug|Any CPU = Debug|Any CPU
		Release|Any CPU = Release|Any CPU
	EndGlobalSection
	GlobalSection(ProjectConfigurationPlatforms) = postSolution
		{49FFB0A5-B590-4B30-BEAD-759845398B72}.Debug|Any CPU.ActiveCfg = Debug|Any CPU
		{49FFB0A5-B590-4B30-BEAD-759845398B72}.Debug|Any CPU.Build.0 = Debug|Any CPU
		{49FFB0A5-B590-4B30-BEAD-759845398B72}.Release|Any CPU.ActiveCfg = Release|Any CPU
		{49FFB0A5-B590-4B30-BEAD-759845398B72}.Release|Any CPU.Build.0 = Release|Any CPU
		{9C45C1ED-4E7F-4AC4-8ED3-8D6D98B590B5}.Debug|Any CPU.ActiveCfg = Debug|Any CPU
		{9C45C1ED-4E7F-4AC4-8ED3-8D6D98B590B5}.Debug|Any CPU.Build.0 = Debug|Any CPU
		{9C45C1ED-4E7F-4AC4-8ED3-8D6D98B590B5}.Release|Any CPU.ActiveCfg = Release|Any CPU
		{9C45C1ED-4E7F-4AC4-8ED3-8D6D98B590B5}.Release|Any CPU.Build.0 = Release|Any CPU
	EndGlobalSection
	GlobalSection(SolutionProperties) = preSolution
		HideSolutionNode = FALSE
	EndGlobalSection
	GlobalSection(ExtensibilityGlobals) = postSolution
		SolutionGuid = {8916106D-D942-495E-80A1-C63BC65A17FA}
	EndGlobalSection
EndGlobal
