
Microsoft Visual Studio Solution File, Format Version 12.00
# Visual Studio Version 17
VisualStudioVersion = 17.9.34728.123
MinimumVisualStudioVersion = 10.0.40219.1
Project("{FAE04EC0-301F-11D3-BF4B-00C04F79EFBC}") = "demo-app-3", "demo-app-3\demo-app-3.csproj", "{2BB5AC20-BC64-4DFD-A2B9-59805E05A5F2}"
EndProject
Global
	GlobalSection(SolutionConfigurationPlatforms) = preSolution
		Debug|Any CPU = Debug|Any CPU
		Release|Any CPU = Release|Any CPU
	EndGlobalSection
	GlobalSection(ProjectConfigurationPlatforms) = postSolution
		{2BB5AC20-BC64-4DFD-A2B9-59805E05A5F2}.Debug|Any CPU.ActiveCfg = Debug|Any CPU
		{2BB5AC20-BC64-4DFD-A2B9-59805E05A5F2}.Debug|Any CPU.Build.0 = Debug|Any CPU
		{2BB5AC20-BC64-4DFD-A2B9-59805E05A5F2}.Release|Any CPU.ActiveCfg = Release|Any CPU
		{2BB5AC20-BC64-4DFD-A2B9-59805E05A5F2}.Release|Any CPU.Build.0 = Release|Any CPU
	EndGlobalSection
	GlobalSection(SolutionProperties) = preSolution
		HideSolutionNode = FALSE
	EndGlobalSection
	GlobalSection(ExtensibilityGlobals) = postSolution
		SolutionGuid = {FDC6545E-ACA5-4CBC-88D4-38062B87E2C9}
	EndGlobalSection
EndGlobal
