
Microsoft Visual Studio Solution File, Format Version 12.00
# Visual Studio Version 17
VisualStudioVersion = 17.9.34728.123
MinimumVisualStudioVersion = 10.0.40219.1
Project("{FAE04EC0-301F-11D3-BF4B-00C04F79EFBC}") = "SOLID_InterfaceSegregation", "SOLID_InterfaceSegregation\SOLID_InterfaceSegregation.csproj", "{A338DF6D-CA10-449A-9FD1-B577E0843254}"
EndProject
Global
	GlobalSection(SolutionConfigurationPlatforms) = preSolution
		Debug|Any CPU = Debug|Any CPU
		Release|Any CPU = Release|Any CPU
	EndGlobalSection
	GlobalSection(ProjectConfigurationPlatforms) = postSolution
		{A338DF6D-CA10-449A-9FD1-B577E0843254}.Debug|Any CPU.ActiveCfg = Debug|Any CPU
		{A338DF6D-CA10-449A-9FD1-B577E0843254}.Debug|Any CPU.Build.0 = Debug|Any CPU
		{A338DF6D-CA10-449A-9FD1-B577E0843254}.Release|Any CPU.ActiveCfg = Release|Any CPU
		{A338DF6D-CA10-449A-9FD1-B577E0843254}.Release|Any CPU.Build.0 = Release|Any CPU
	EndGlobalSection
	GlobalSection(SolutionProperties) = preSolution
		HideSolutionNode = FALSE
	EndGlobalSection
	GlobalSection(ExtensibilityGlobals) = postSolution
		SolutionGuid = {4BF84C8E-7FC8-424D-9D01-4A4C1E609117}
	EndGlobalSection
EndGlobal
