
Microsoft Visual Studio Solution File, Format Version 12.00
# Visual Studio Version 17
VisualStudioVersion = 17.9.34728.123
MinimumVisualStudioVersion = 10.0.40219.1
Project("{FAE04EC0-301F-11D3-BF4B-00C04F79EFBC}") = "async-demo-2", "async-demo-2\async-demo-2.csproj", "{144318DE-AF8F-4184-A4C1-B732FE21F179}"
EndProject
Global
	GlobalSection(SolutionConfigurationPlatforms) = preSolution
		Debug|Any CPU = Debug|Any CPU
		Release|Any CPU = Release|Any CPU
	EndGlobalSection
	GlobalSection(ProjectConfigurationPlatforms) = postSolution
		{144318DE-AF8F-4184-A4C1-B732FE21F179}.Debug|Any CPU.ActiveCfg = Debug|Any CPU
		{144318DE-AF8F-4184-A4C1-B732FE21F179}.Debug|Any CPU.Build.0 = Debug|Any CPU
		{144318DE-AF8F-4184-A4C1-B732FE21F179}.Release|Any CPU.ActiveCfg = Release|Any CPU
		{144318DE-AF8F-4184-A4C1-B732FE21F179}.Release|Any CPU.Build.0 = Release|Any CPU
	EndGlobalSection
	GlobalSection(SolutionProperties) = preSolution
		HideSolutionNode = FALSE
	EndGlobalSection
	GlobalSection(ExtensibilityGlobals) = postSolution
		SolutionGuid = {3E8584B4-5605-4637-B47E-C8623B1F2DCC}
	EndGlobalSection
EndGlobal
