
Microsoft Visual Studio Solution File, Format Version 12.00
# Visual Studio Version 17
VisualStudioVersion = 17.9.34728.123
MinimumVisualStudioVersion = 10.0.40219.1
Project("{FAE04EC0-301F-11D3-BF4B-00C04F79EFBC}") = "Producer", "ASP_RabbitMQ_Demo\Producer.csproj", "{EE8FAD15-2BD9-43D5-BB34-B2DAA44D1DDA}"
EndProject
Project("{FAE04EC0-301F-11D3-BF4B-00C04F79EFBC}") = "Consumer", "Consumer\Consumer.csproj", "{19283ECE-44B3-4570-BFEF-3A2B63D98F18}"
EndProject
Project("{FAE04EC0-301F-11D3-BF4B-00C04F79EFBC}") = "Entities", "Entities\Entities.csproj", "{5ACD2790-25B4-43D1-91E4-ACFE34FF15B7}"
EndProject
Global
	GlobalSection(SolutionConfigurationPlatforms) = preSolution
		Debug|Any CPU = Debug|Any CPU
		Release|Any CPU = Release|Any CPU
	EndGlobalSection
	GlobalSection(ProjectConfigurationPlatforms) = postSolution
		{EE8FAD15-2BD9-43D5-BB34-B2DAA44D1DDA}.Debug|Any CPU.ActiveCfg = Debug|Any CPU
		{EE8FAD15-2BD9-43D5-BB34-B2DAA44D1DDA}.Debug|Any CPU.Build.0 = Debug|Any CPU
		{EE8FAD15-2BD9-43D5-BB34-B2DAA44D1DDA}.Release|Any CPU.ActiveCfg = Release|Any CPU
		{EE8FAD15-2BD9-43D5-BB34-B2DAA44D1DDA}.Release|Any CPU.Build.0 = Release|Any CPU
		{19283ECE-44B3-4570-BFEF-3A2B63D98F18}.Debug|Any CPU.ActiveCfg = Debug|Any CPU
		{19283ECE-44B3-4570-BFEF-3A2B63D98F18}.Debug|Any CPU.Build.0 = Debug|Any CPU
		{19283ECE-44B3-4570-BFEF-3A2B63D98F18}.Release|Any CPU.ActiveCfg = Release|Any CPU
		{19283ECE-44B3-4570-BFEF-3A2B63D98F18}.Release|Any CPU.Build.0 = Release|Any CPU
		{5ACD2790-25B4-43D1-91E4-ACFE34FF15B7}.Debug|Any CPU.ActiveCfg = Debug|Any CPU
		{5ACD2790-25B4-43D1-91E4-ACFE34FF15B7}.Debug|Any CPU.Build.0 = Debug|Any CPU
		{5ACD2790-25B4-43D1-91E4-ACFE34FF15B7}.Release|Any CPU.ActiveCfg = Release|Any CPU
		{5ACD2790-25B4-43D1-91E4-ACFE34FF15B7}.Release|Any CPU.Build.0 = Release|Any CPU
	EndGlobalSection
	GlobalSection(SolutionProperties) = preSolution
		HideSolutionNode = FALSE
	EndGlobalSection
	GlobalSection(ExtensibilityGlobals) = postSolution
		SolutionGuid = {A6689398-CE1C-4574-AB38-7160DE861C48}
	EndGlobalSection
EndGlobal
