
Microsoft Visual Studio Solution File, Format Version 12.00
# Visual Studio Version 17
VisualStudioVersion = 17.9.34728.123
MinimumVisualStudioVersion = 10.0.40219.1
Project("{FAE04EC0-301F-11D3-BF4B-00C04F79EFBC}") = "Lab_1", "Lab_1\Lab_1.csproj", "{B3B889D2-F14C-4FE1-B71B-47065DC0E1DF}"
EndProject
Global
	GlobalSection(SolutionConfigurationPlatforms) = preSolution
		Debug|Any CPU = Debug|Any CPU
		Release|Any CPU = Release|Any CPU
	EndGlobalSection
	GlobalSection(ProjectConfigurationPlatforms) = postSolution
		{B3B889D2-F14C-4FE1-B71B-47065DC0E1DF}.Debug|Any CPU.ActiveCfg = Debug|Any CPU
		{B3B889D2-F14C-4FE1-B71B-47065DC0E1DF}.Debug|Any CPU.Build.0 = Debug|Any CPU
		{B3B889D2-F14C-4FE1-B71B-47065DC0E1DF}.Release|Any CPU.ActiveCfg = Release|Any CPU
		{B3B889D2-F14C-4FE1-B71B-47065DC0E1DF}.Release|Any CPU.Build.0 = Release|Any CPU
	EndGlobalSection
	GlobalSection(SolutionProperties) = preSolution
		HideSolutionNode = FALSE
	EndGlobalSection
	GlobalSection(ExtensibilityGlobals) = postSolution
		SolutionGuid = {A1F7445A-78AE-4F7F-86E6-8C54801C2624}
	EndGlobalSection
EndGlobal
